{
    "_readme": [
        "This file locks the dependencies of your project to a known state",
        "Read more about it at https://getcomposer.org/doc/01-basic-usage.md#installing-dependencies",
        "This file is @generated automatically"
    ],
    "content-hash": "477155493a7180fabb2aeefa2b082664",
    "packages": [],
    "packages-dev": [
        {
            "name": "paulthewalton/acf-stubs",
            "version": "5.8.7",
            "source": {
                "type": "git",
                "url": "https://github.com/paulthewalton/acf-stubs.git",
                "reference": "722096c127186c41ac98395b418195d1db9cf576"
            },
            "dist": {
                "type": "zip",
                "url": "https://api.github.com/repos/paulthewalton/acf-stubs/zipball/722096c127186c41ac98395b418195d1db9cf576",
                "reference": "722096c127186c41ac98395b418195d1db9cf576",
                "shasum": ""
            },
            "require-dev": {
                "ext-gettext": "*",
                "giacocorsiglia/stubs-generator": "^0.5.0",
                "giacocorsiglia/wordpress-stubs": "*",
                "php": "^7.1",
                "wpackagist-plugin/advanced-custom-fields": "5.8.7"
            },
            "type": "library",
            "notification-url": "https://packagist.org/downloads/",
            "license": [
                "GPL-2.0+"
            ],
            "authors": [
                {
                    "name": "Paul Walton",
                    "email": "pwalton@live.ca",
                    "role": "copycat"
                }
            ],
            "description": "Based on giacocorsiglia/wordpress-stubs. Advanced Custom Fields function, class, and global variable declaration stubs for easier static analysis.",
            "keywords": [
                "acf",
                "advanced custom fields",
                "static analysis",
                "wordpress"
            ],
            "support": {
                "issues": "https://github.com/paulthewalton/acf-stubs/issues",
                "source": "https://github.com/paulthewalton/acf-stubs/tree/5.8.7"
            },
            "abandoned": "php-stubs/acf-pro-stubs",
            "time": "2019-12-04T19:26:53+00:00"
        }
    ],
    "aliases": [],
    "minimum-stability": "stable",
    "stability-flags": [],
    "prefer-stable": false,
    "prefer-lowest": false,
    "platform": [],
    "platform-dev": [],
    "plugin-api-version": "2.3.0"
}
